// !$*UTF8*$!
{
	archiveVersion = 1;
	classes = {
	};
	objectVersion = 50;
	objects = {

/* Begin PBXBuildFile section */
		021C14AD2186A69700C8B8C3 /* AppDelegate.swift in Sources */ = {isa = PBXBuildFile; fileRef = 021C14AC2186A69700C8B8C3 /* AppDelegate.swift */; };
		021C14B22186A69700C8B8C3 /* Main.storyboard in Resources */ = {isa = PBXBuildFile; fileRef = 021C14B02186A69700C8B8C3 /* Main.storyboard */; };
		021C14B42186A69700C8B8C3 /* Assets.xcassets in Resources */ = {isa = PBXBuildFile; fileRef = 021C14B32186A69700C8B8C3 /* Assets.xcassets */; };
		021C14B72186A69700C8B8C3 /* LaunchScreen.storyboard in Resources */ = {isa = PBXBuildFile; fileRef = 021C14B52186A69700C8B8C3 /* LaunchScreen.storyboard */; };
		021C14BF2186A6E400C8B8C3 /* Podfile in Resources */ = {isa = PBXBuildFile; fileRef = 021C14BE2186A6E400C8B8C3 /* Podfile */; };
		021C14C22186A90200C8B8C3 /* ItemsTableViewController.swift in Sources */ = {isa = PBXBuildFile; fileRef = 021C14C12186A90200C8B8C3 /* ItemsTableViewController.swift */; };
		021C14C42186AA9600C8B8C3 /* ItemTableViewCell.swift in Sources */ = {isa = PBXBuildFile; fileRef = 021C14C32186AA9600C8B8C3 /* ItemTableViewCell.swift */; };
		02796C4D21875D5000B06749 /* ItemDataModel.swift in Sources */ = {isa = PBXBuildFile; fileRef = 02796C4C21875D5000B06749 /* ItemDataModel.swift */; };
		02796C4F21875FBB00B06749 /* ItemsDataParser.swift in Sources */ = {isa = PBXBuildFile; fileRef = 02796C4E21875FBB00B06749 /* ItemsDataParser.swift */; };
		02796C512187E3AE00B06749 /* BaseTableViewCell.swift in Sources */ = {isa = PBXBuildFile; fileRef = 02796C502187E3AE00B06749 /* BaseTableViewCell.swift */; };
		02796C532187EF0000B06749 /* ItemsDataSource.swift in Sources */ = {isa = PBXBuildFile; fileRef = 02796C522187EF0000B06749 /* ItemsDataSource.swift */; };
		02796C562187F48C00B06749 /* ItemTableViewCell.xib in Resources */ = {isa = PBXBuildFile; fileRef = 02796C552187F48C00B06749 /* ItemTableViewCell.xib */; };
		02796C582188204500B06749 /* DetailViewController.swift in Sources */ = {isa = PBXBuildFile; fileRef = 02796C572188204500B06749 /* DetailViewController.swift */; };
		028DAF37218A6C2C00E8CA29 /* ErrorView.xib in Resources */ = {isa = PBXBuildFile; fileRef = 028DAF36218A6C2C00E8CA29 /* ErrorView.xib */; };
		028DAF39218A7A0100E8CA29 /* ErrorView.swift in Sources */ = {isa = PBXBuildFile; fileRef = 028DAF38218A7A0100E8CA29 /* ErrorView.swift */; };
		028DAF3B218A826000E8CA29 /* UIViewExtension.swift in Sources */ = {isa = PBXBuildFile; fileRef = 028DAF3A218A826000E8CA29 /* UIViewExtension.swift */; };
		C54EB637D6A8D778709533B6 /* Pods_DemoTableView.framework in Frameworks */ = {isa = PBXBuildFile; fileRef = 17BFE0B645D460D4575DD741 /* Pods_DemoTableView.framework */; };
/* End PBXBuildFile section */

/* Begin PBXFileReference section */
		021C14A92186A69700C8B8C3 /* DemoTableView.app */ = {isa = PBXFileReference; explicitFileType = wrapper.application; includeInIndex = 0; path = DemoTableView.app; sourceTree = BUILT_PRODUCTS_DIR; };
		021C14AC2186A69700C8B8C3 /* AppDelegate.swift */ = {isa = PBXFileReference; lastKnownFileType = sourcecode.swift; path = AppDelegate.swift; sourceTree = "<group>"; };
		021C14B12186A69700C8B8C3 /* Base */ = {isa = PBXFileReference; lastKnownFileType = file.storyboard; name = Base; path = Base.lproj/Main.storyboard; sourceTree = "<group>"; };
		021C14B32186A69700C8B8C3 /* Assets.xcassets */ = {isa = PBXFileReference; lastKnownFileType = folder.assetcatalog; path = Assets.xcassets; sourceTree = "<group>"; };
		021C14B62186A69700C8B8C3 /* Base */ = {isa = PBXFileReference; lastKnownFileType = file.storyboard; name = Base; path = Base.lproj/LaunchScreen.storyboard; sourceTree = "<group>"; };
		021C14B82186A69800C8B8C3 /* Info.plist */ = {isa = PBXFileReference; lastKnownFileType = text.plist.xml; path = Info.plist; sourceTree = "<group>"; };
		021C14BE2186A6E400C8B8C3 /* Podfile */ = {isa = PBXFileReference; fileEncoding = 4; lastKnownFileType = text; path = Podfile; sourceTree = SOURCE_ROOT; xcLanguageSpecificationIdentifier = xcode.lang.ruby; };
		021C14C12186A90200C8B8C3 /* ItemsTableViewController.swift */ = {isa = PBXFileReference; lastKnownFileType = sourcecode.swift; path = ItemsTableViewController.swift; sourceTree = "<group>"; };
		021C14C32186AA9600C8B8C3 /* ItemTableViewCell.swift */ = {isa = PBXFileReference; lastKnownFileType = sourcecode.swift; path = ItemTableViewCell.swift; sourceTree = "<group>"; };
		02796C4C21875D5000B06749 /* ItemDataModel.swift */ = {isa = PBXFileReference; lastKnownFileType = sourcecode.swift; path = ItemDataModel.swift; sourceTree = "<group>"; };
		02796C4E21875FBB00B06749 /* ItemsDataParser.swift */ = {isa = PBXFileReference; lastKnownFileType = sourcecode.swift; path = ItemsDataParser.swift; sourceTree = "<group>"; };
		02796C502187E3AE00B06749 /* BaseTableViewCell.swift */ = {isa = PBXFileReference; lastKnownFileType = sourcecode.swift; path = BaseTableViewCell.swift; sourceTree = "<group>"; };
		02796C522187EF0000B06749 /* ItemsDataSource.swift */ = {isa = PBXFileReference; lastKnownFileType = sourcecode.swift; path = ItemsDataSource.swift; sourceTree = "<group>"; };
		02796C552187F48C00B06749 /* ItemTableViewCell.xib */ = {isa = PBXFileReference; lastKnownFileType = file.xib; path = ItemTableViewCell.xib; sourceTree = "<group>"; };
		02796C572188204500B06749 /* DetailViewController.swift */ = {isa = PBXFileReference; lastKnownFileType = sourcecode.swift; path = DetailViewController.swift; sourceTree = "<group>"; };
		028DAF36218A6C2C00E8CA29 /* ErrorView.xib */ = {isa = PBXFileReference; lastKnownFileType = file.xib; path = ErrorView.xib; sourceTree = "<group>"; };
		028DAF38218A7A0100E8CA29 /* ErrorView.swift */ = {isa = PBXFileReference; lastKnownFileType = sourcecode.swift; path = ErrorView.swift; sourceTree = "<group>"; };
		028DAF3A218A826000E8CA29 /* UIViewExtension.swift */ = {isa = PBXFileReference; lastKnownFileType = sourcecode.swift; path = UIViewExtension.swift; sourceTree = "<group>"; };
		17BFE0B645D460D4575DD741 /* Pods_DemoTableView.framework */ = {isa = PBXFileReference; explicitFileType = wrapper.framework; includeInIndex = 0; path = Pods_DemoTableView.framework; sourceTree = BUILT_PRODUCTS_DIR; };
		3A073B72357BA5238EF1C204 /* Pods-DemoTableView.debug.xcconfig */ = {isa = PBXFileReference; includeInIndex = 1; lastKnownFileType = text.xcconfig; name = "Pods-DemoTableView.debug.xcconfig"; path = "Pods/Target Support Files/Pods-DemoTableView/Pods-DemoTableView.debug.xcconfig"; sourceTree = "<group>"; };
		3E89D015AA4C3C73A7B508AB /* Pods-DemoTableView.release.xcconfig */ = {isa = PBXFileReference; includeInIndex = 1; lastKnownFileType = text.xcconfig; name = "Pods-DemoTableView.release.xcconfig"; path = "Pods/Target Support Files/Pods-DemoTableView/Pods-DemoTableView.release.xcconfig"; sourceTree = "<group>"; };
/* End PBXFileReference section */

/* Begin PBXFrameworksBuildPhase section */
		021C14A62186A69700C8B8C3 /* Frameworks */ = {
			isa = PBXFrameworksBuildPhase;
			buildActionMask = 2147483647;
			files = (
				C54EB637D6A8D778709533B6 /* Pods_DemoTableView.framework in Frameworks */,
			);
			runOnlyForDeploymentPostprocessing = 0;
		};
/* End PBXFrameworksBuildPhase section */

/* Begin PBXGroup section */
		021C14A02186A69700C8B8C3 = {
			isa = PBXGroup;
			children = (
				021C14AB2186A69700C8B8C3 /* DemoTableView */,
				021C14AA2186A69700C8B8C3 /* Products */,
				634685A7AEDD2643F712CDF4 /* Pods */,
				32EB22BC18EB4EDB535B21FA /* Frameworks */,
			);
			sourceTree = "<group>";
		};
		021C14AA2186A69700C8B8C3 /* Products */ = {
			isa = PBXGroup;
			children = (
				021C14A92186A69700C8B8C3 /* DemoTableView.app */,
			);
			name = Products;
			sourceTree = "<group>";
		};
		021C14AB2186A69700C8B8C3 /* DemoTableView */ = {
			isa = PBXGroup;
			children = (
				02796C542187F46800B06749 /* Layouts */,
				021C14C02186A87800C8B8C3 /* Sources */,
				021C14AC2186A69700C8B8C3 /* AppDelegate.swift */,
				021C14B32186A69700C8B8C3 /* Assets.xcassets */,
				021C14B82186A69800C8B8C3 /* Info.plist */,
				021C14BE2186A6E400C8B8C3 /* Podfile */,
			);
			path = DemoTableView;
			sourceTree = "<group>";
		};
		021C14C02186A87800C8B8C3 /* Sources */ = {
			isa = PBXGroup;
			children = (
				02796C502187E3AE00B06749 /* BaseTableViewCell.swift */,
				021C14C12186A90200C8B8C3 /* ItemsTableViewController.swift */,
				021C14C32186AA9600C8B8C3 /* ItemTableViewCell.swift */,
				02796C4C21875D5000B06749 /* ItemDataModel.swift */,
				02796C4E21875FBB00B06749 /* ItemsDataParser.swift */,
				02796C522187EF0000B06749 /* ItemsDataSource.swift */,
				02796C572188204500B06749 /* DetailViewController.swift */,
				028DAF38218A7A0100E8CA29 /* ErrorView.swift */,
				028DAF3A218A826000E8CA29 /* UIViewExtension.swift */,
			);
			path = Sources;
			sourceTree = "<group>";
		};
		02796C542187F46800B06749 /* Layouts */ = {
			isa = PBXGroup;
			children = (
				02796C552187F48C00B06749 /* ItemTableViewCell.xib */,
				021C14B02186A69700C8B8C3 /* Main.storyboard */,
				028DAF36218A6C2C00E8CA29 /* ErrorView.xib */,
				021C14B52186A69700C8B8C3 /* LaunchScreen.storyboard */,
			);
			path = Layouts;
			sourceTree = "<group>";
		};
		32EB22BC18EB4EDB535B21FA /* Frameworks */ = {
			isa = PBXGroup;
			children = (
				17BFE0B645D460D4575DD741 /* Pods_DemoTableView.framework */,
			);
			name = Frameworks;
			sourceTree = "<group>";
		};
		634685A7AEDD2643F712CDF4 /* Pods */ = {
			isa = PBXGroup;
			children = (
				3A073B72357BA5238EF1C204 /* Pods-DemoTableView.debug.xcconfig */,
				3E89D015AA4C3C73A7B508AB /* Pods-DemoTableView.release.xcconfig */,
			);
			name = Pods;
			sourceTree = "<group>";
		};
/* End PBXGroup section */

/* Begin PBXNativeTarget section */
		021C14A82186A69700C8B8C3 /* DemoTableView */ = {
			isa = PBXNativeTarget;
			buildConfigurationList = 021C14BB2186A69800C8B8C3 /* Build configuration list for PBXNativeTarget "DemoTableView" */;
			buildPhases = (
				142CBB3001317A8F6FF753CD /* [CP] Check Pods Manifest.lock */,
				021C14A52186A69700C8B8C3 /* Sources */,
				021C14A62186A69700C8B8C3 /* Frameworks */,
				021C14A72186A69700C8B8C3 /* Resources */,
				A5999E03762E3CC089EE3A40 /* [CP] Embed Pods Frameworks */,
			);
			buildRules = (
			);
			dependencies = (
			);
			name = DemoTableView;
			productName = DemoTableView;
			productReference = 021C14A92186A69700C8B8C3 /* DemoTableView.app */;
			productType = "com.apple.product-type.application";
		};
/* End PBXNativeTarget section */

/* Begin PBXProject section */
		021C14A12186A69700C8B8C3 /* Project object */ = {
			isa = PBXProject;
			attributes = {
				LastSwiftUpdateCheck = 1000;
				LastUpgradeCheck = 1000;
				ORGANIZATIONNAME = "Hernan Aldunate";
				TargetAttributes = {
					021C14A82186A69700C8B8C3 = {
						CreatedOnToolsVersion = 10.0;
					};
				};
			};
			buildConfigurationList = 021C14A42186A69700C8B8C3 /* Build configuration list for PBXProject "DemoTableView" */;
			compatibilityVersion = "Xcode 9.3";
			developmentRegion = en;
			hasScannedForEncodings = 0;
			knownRegions = (
				en,
				Base,
			);
			mainGroup = 021C14A02186A69700C8B8C3;
			productRefGroup = 021C14AA2186A69700C8B8C3 /* Products */;
			projectDirPath = "";
			projectRoot = "";
			targets = (
				021C14A82186A69700C8B8C3 /* DemoTableView */,
			);
		};
/* End PBXProject section */

/* Begin PBXResourcesBuildPhase section */
		021C14A72186A69700C8B8C3 /* Resources */ = {
			isa = PBXResourcesBuildPhase;
			buildActionMask = 2147483647;
			files = (
				021C14B72186A69700C8B8C3 /* LaunchScreen.storyboard in Resources */,
				021C14B42186A69700C8B8C3 /* Assets.xcassets in Resources */,
				021C14BF2186A6E400C8B8C3 /* Podfile in Resources */,
				028DAF37218A6C2C00E8CA29 /* ErrorView.xib in Resources */,
				02796C562187F48C00B06749 /* ItemTableViewCell.xib in Resources */,
				021C14B22186A69700C8B8C3 /* Main.storyboard in Resources */,
			);
			runOnlyForDeploymentPostprocessing = 0;
		};
/* End PBXResourcesBuildPhase section */

/* Begin PBXShellScriptBuildPhase section */
		142CBB3001317A8F6FF753CD /* [CP] Check Pods Manifest.lock */ = {
			isa = PBXShellScriptBuildPhase;
			buildActionMask = 2147483647;
			files = (
			);
			inputFileListPaths = (
			);
			inputPaths = (
				"${PODS_PODFILE_DIR_PATH}/Podfile.lock",
				"${PODS_ROOT}/Manifest.lock",
			);
			name = "[CP] Check Pods Manifest.lock";
			outputFileListPaths = (
			);
			outputPaths = (
				"$(DERIVED_FILE_DIR)/Pods-DemoTableView-checkManifestLockResult.txt",
			);
			runOnlyForDeploymentPostprocessing = 0;
			shellPath = /bin/sh;
			shellScript = "diff \"${PODS_PODFILE_DIR_PATH}/Podfile.lock\" \"${PODS_ROOT}/Manifest.lock\" > /dev/null\nif [ $? != 0 ] ; then\n    # print error to STDERR\n    echo \"error: The sandbox is not in sync with the Podfile.lock. Run 'pod install' or update your CocoaPods installation.\" >&2\n    exit 1\nfi\n# This output is used by Xcode 'outputs' to avoid re-running this script phase.\necho \"SUCCESS\" > \"${SCRIPT_OUTPUT_FILE_0}\"\n";
			showEnvVarsInLog = 0;
		};
		A5999E03762E3CC089EE3A40 /* [CP] Embed Pods Frameworks */ = {
			isa = PBXShellScriptBuildPhase;
			buildActionMask = 2147483647;
			files = (
			);
			inputFileListPaths = (
			);
			inputPaths = (
				"${SRCROOT}/Pods/Target Support Files/Pods-DemoTableView/Pods-DemoTableView-frameworks.sh",
				"${BUILT_PRODUCTS_DIR}/Alamofire/Alamofire.framework",
				"${BUILT_PRODUCTS_DIR}/SDWebImage/SDWebImage.framework",
				"${BUILT_PRODUCTS_DIR}/SwiftyJSON/SwiftyJSON.framework",
			);
			name = "[CP] Embed Pods Frameworks";
			outputFileListPaths = (
			);
			outputPaths = (
				"${TARGET_BUILD_DIR}/${FRAMEWORKS_FOLDER_PATH}/Alamofire.framework",
				"${TARGET_BUILD_DIR}/${FRAMEWORKS_FOLDER_PATH}/SDWebImage.framework",
				"${TARGET_BUILD_DIR}/${FRAMEWORKS_FOLDER_PATH}/SwiftyJSON.framework",
			);
			runOnlyForDeploymentPostprocessing = 0;
			shellPath = /bin/sh;
			shellScript = "\"${SRCROOT}/Pods/Target Support Files/Pods-DemoTableView/Pods-DemoTableView-frameworks.sh\"\n";
			showEnvVarsInLog = 0;
		};
/* End PBXShellScriptBuildPhase section */

/* Begin PBXSourcesBuildPhase section */
		021C14A52186A69700C8B8C3 /* Sources */ = {
			isa = PBXSourcesBuildPhase;
			buildActionMask = 2147483647;
			files = (
				02796C582188204500B06749 /* DetailViewController.swift in Sources */,
				021C14C42186AA9600C8B8C3 /* ItemTableViewCell.swift in Sources */,
				028DAF3B218A826000E8CA29 /* UIViewExtension.swift in Sources */,
				02796C4D21875D5000B06749 /* ItemDataModel.swift in Sources */,
				02796C4F21875FBB00B06749 /* ItemsDataParser.swift in Sources */,
				028DAF39218A7A0100E8CA29 /* ErrorView.swift in Sources */,
				02796C512187E3AE00B06749 /* BaseTableViewCell.swift in Sources */,
				02796C532187EF0000B06749 /* ItemsDataSource.swift in Sources */,
				021C14AD2186A69700C8B8C3 /* AppDelegate.swift in Sources */,
				021C14C22186A90200C8B8C3 /* ItemsTableViewController.swift in Sources */,
			);
			runOnlyForDeploymentPostprocessing = 0;
		};
/* End PBXSourcesBuildPhase section */

/* Begin PBXVariantGroup section */
		021C14B02186A69700C8B8C3 /* Main.storyboard */ = {
			isa = PBXVariantGroup;
			children = (
				021C14B12186A69700C8B8C3 /* Base */,
			);
			name = Main.storyboard;
			sourceTree = "<group>";
		};
		021C14B52186A69700C8B8C3 /* LaunchScreen.storyboard */ = {
			isa = PBXVariantGroup;
			children = (
				021C14B62186A69700C8B8C3 /* Base */,
			);
			name = LaunchScreen.storyboard;
			sourceTree = "<group>";
		};
/* End PBXVariantGroup section */

/* Begin XCBuildConfiguration section */
		021C14B92186A69800C8B8C3 /* Debug */ = {
			isa = XCBuildConfiguration;
			buildSettings = {
				ALWAYS_SEARCH_USER_PATHS = NO;
				CLANG_ANALYZER_NONNULL = YES;
				CLANG_ANALYZER_NUMBER_OBJECT_CONVERSION = YES_AGGRESSIVE;
				CLANG_CXX_LANGUAGE_STANDARD = "gnu++14";
				CLANG_CXX_LIBRARY = "libc++";
				CLANG_ENABLE_MODULES = YES;
				CLANG_ENABLE_OBJC_ARC = YES;
				CLANG_ENABLE_OBJC_WEAK = YES;
				CLANG_WARN_BLOCK_CAPTURE_AUTORELEASING = YES;
				CLANG_WARN_BOOL_CONVERSION = YES;
				CLANG_WARN_COMMA = YES;
				CLANG_WARN_CONSTANT_CONVERSION = YES;
				CLANG_WARN_DEPRECATED_OBJC_IMPLEMENTATIONS = YES;
				CLANG_WARN_DIRECT_OBJC_ISA_USAGE = YES_ERROR;
				CLANG_WARN_DOCUMENTATION_COMMENTS = YES;
				CLANG_WARN_EMPTY_BODY = YES;
				CLANG_WARN_ENUM_CONVERSION = YES;
				CLANG_WARN_INFINITE_RECURSION = YES;
				CLANG_WARN_INT_CONVERSION = YES;
				CLANG_WARN_NON_LITERAL_NULL_CONVERSION = YES;
				CLANG_WARN_OBJC_IMPLICIT_RETAIN_SELF = YES;
				CLANG_WARN_OBJC_LITERAL_CONVERSION = YES;
				CLANG_WARN_OBJC_ROOT_CLASS = YES_ERROR;
				CLANG_WARN_RANGE_LOOP_ANALYSIS = YES;
				CLANG_WARN_STRICT_PROTOTYPES = YES;
				CLANG_WARN_SUSPICIOUS_MOVE = YES;
				CLANG_WARN_UNGUARDED_AVAILABILITY = YES_AGGRESSIVE;
				CLANG_WARN_UNREACHABLE_CODE = YES;
				CLANG_WARN__DUPLICATE_METHOD_MATCH = YES;
				CODE_SIGN_IDENTITY = "iPhone Developer";
				COPY_PHASE_STRIP = NO;
				DEBUG_INFORMATION_FORMAT = dwarf;
				ENABLE_STRICT_OBJC_MSGSEND = YES;
				ENABLE_TESTABILITY = YES;
				GCC_C_LANGUAGE_STANDARD = gnu11;
				GCC_DYNAMIC_NO_PIC = NO;
				GCC_NO_COMMON_BLOCKS = YES;
				GCC_OPTIMIZATION_LEVEL = 0;
				GCC_PREPROCESSOR_DEFINITIONS = (
					"DEBUG=1",
					"$(inherited)",
				);
				GCC_WARN_64_TO_32_BIT_CONVERSION = YES;
				GCC_WARN_ABOUT_RETURN_TYPE = YES_ERROR;
				GCC_WARN_UNDECLARED_SELECTOR = YES;
				GCC_WARN_UNINITIALIZED_AUTOS = YES_AGGRESSIVE;
				GCC_WARN_UNUSED_FUNCTION = YES;
				GCC_WARN_UNUSED_VARIABLE = YES;
				IPHONEOS_DEPLOYMENT_TARGET = 12.0;
				MTL_ENABLE_DEBUG_INFO = INCLUDE_SOURCE;
				MTL_FAST_MATH = YES;
				ONLY_ACTIVE_ARCH = YES;
				SDKROOT = iphoneos;
				SWIFT_ACTIVE_COMPILATION_CONDITIONS = DEBUG;
				SWIFT_OPTIMIZATION_LEVEL = "-Onone";
			};
			name = Debug;
		};
		021C14BA2186A69800C8B8C3 /* Release */ = {
			isa = XCBuildConfiguration;
			buildSettings = {
				ALWAYS_SEARCH_USER_PATHS = NO;
				CLANG_ANALYZER_NONNULL = YES;
				CLANG_ANALYZER_NUMBER_OBJECT_CONVERSION = YES_AGGRESSIVE;
				CLANG_CXX_LANGUAGE_STANDARD = "gnu++14";
				CLANG_CXX_LIBRARY = "libc++";
				CLANG_ENABLE_MODULES = YES;
				CLANG_ENABLE_OBJC_ARC = YES;
				CLANG_ENABLE_OBJC_WEAK = YES;
				CLANG_WARN_BLOCK_CAPTURE_AUTORELEASING = YES;
				CLANG_WARN_BOOL_CONVERSION = YES;
				CLANG_WARN_COMMA = YES;
				CLANG_WARN_CONSTANT_CONVERSION = YES;
				CLANG_WARN_DEPRECATED_OBJC_IMPLEMENTATIONS = YES;
				CLANG_WARN_DIRECT_OBJC_ISA_USAGE = YES_ERROR;
				CLANG_WARN_DOCUMENTATION_COMMENTS = YES;
				CLANG_WARN_EMPTY_BODY = YES;
				CLANG_WARN_ENUM_CONVERSION = YES;
				CLANG_WARN_INFINITE_RECURSION = YES;
				CLANG_WARN_INT_CONVERSION = YES;
				CLANG_WARN_NON_LITERAL_NULL_CONVERSION = YES;
				CLANG_WARN_OBJC_IMPLICIT_RETAIN_SELF = YES;
				CLANG_WARN_OBJC_LITERAL_CONVERSION = YES;
				CLANG_WARN_OBJC_ROOT_CLASS = YES_ERROR;
				CLANG_WARN_RANGE_LOOP_ANALYSIS = YES;
				CLANG_WARN_STRICT_PROTOTYPES = YES;
				CLANG_WARN_SUSPICIOUS_MOVE = YES;
				CLANG_WARN_UNGUARDED_AVAILABILITY = YES_AGGRESSIVE;
				CLANG_WARN_UNREACHABLE_CODE = YES;
				CLANG_WARN__DUPLICATE_METHOD_MATCH = YES;
				CODE_SIGN_IDENTITY = "iPhone Developer";
				COPY_PHASE_STRIP = NO;
				DEBUG_INFORMATION_FORMAT = "dwarf-with-dsym";
				ENABLE_NS_ASSERTIONS = NO;
				ENABLE_STRICT_OBJC_MSGSEND = YES;
				GCC_C_LANGUAGE_STANDARD = gnu11;
				GCC_NO_COMMON_BLOCKS = YES;
				GCC_WARN_64_TO_32_BIT_CONVERSION = YES;
				GCC_WARN_ABOUT_RETURN_TYPE = YES_ERROR;
				GCC_WARN_UNDECLARED_SELECTOR = YES;
				GCC_WARN_UNINITIALIZED_AUTOS = YES_AGGRESSIVE;
				GCC_WARN_UNUSED_FUNCTION = YES;
				GCC_WARN_UNUSED_VARIABLE = YES;
				IPHONEOS_DEPLOYMENT_TARGET = 12.0;
				MTL_ENABLE_DEBUG_INFO = NO;
				MTL_FAST_MATH = YES;
				SDKROOT = iphoneos;
				SWIFT_COMPILATION_MODE = wholemodule;
				SWIFT_OPTIMIZATION_LEVEL = "-O";
				VALIDATE_PRODUCT = YES;
			};
			name = Release;
		};
		021C14BC2186A69800C8B8C3 /* Debug */ = {
			isa = XCBuildConfiguration;
			baseConfigurationReference = 3A073B72357BA5238EF1C204 /* Pods-DemoTableView.debug.xcconfig */;
			buildSettings = {
				ASSETCATALOG_COMPILER_APPICON_NAME = AppIcon;
				CODE_SIGN_STYLE = Automatic;
				INFOPLIST_FILE = DemoTableView/Info.plist;
				LD_RUNPATH_SEARCH_PATHS = (
					"$(inherited)",
					"@executable_path/Frameworks",
				);
				PRODUCT_BUNDLE_IDENTIFIER = hernanaldunate.DemoTableView;
				PRODUCT_NAME = "$(TARGET_NAME)";
				SWIFT_VERSION = 4.2;
				TARGETED_DEVICE_FAMILY = "1,2";
			};
			name = Debug;
		};
		021C14BD2186A69800C8B8C3 /* Release */ = {
			isa = XCBuildConfiguration;
			baseConfigurationReference = 3E89D015AA4C3C73A7B508AB /* Pods-DemoTableView.release.xcconfig */;
			buildSettings = {
				ASSETCATALOG_COMPILER_APPICON_NAME = AppIcon;
				CODE_SIGN_STYLE = Automatic;
				INFOPLIST_FILE = DemoTableView/Info.plist;
				LD_RUNPATH_SEARCH_PATHS = (
					"$(inherited)",
					"@executable_path/Frameworks",
				);
				PRODUCT_BUNDLE_IDENTIFIER = hernanaldunate.DemoTableView;
				PRODUCT_NAME = "$(TARGET_NAME)";
				SWIFT_VERSION = 4.2;
				TARGETED_DEVICE_FAMILY = "1,2";
			};
			name = Release;
		};
/* End XCBuildConfiguration section */

/* Begin XCConfigurationList section */
		021C14A42186A69700C8B8C3 /* Build configuration list for PBXProject "DemoTableView" */ = {
			isa = XCConfigurationList;
			buildConfigurations = (
				021C14B92186A69800C8B8C3 /* Debug */,
				021C14BA2186A69800C8B8C3 /* Release */,
			);
			defaultConfigurationIsVisible = 0;
			defaultConfigurationName = Release;
		};
		021C14BB2186A69800C8B8C3 /* Build configuration list for PBXNativeTarget "DemoTableView" */ = {
			isa = XCConfigurationList;
			buildConfigurations = (
				021C14BC2186A69800C8B8C3 /* Debug */,
				021C14BD2186A69800C8B8C3 /* Release */,
			);
			defaultConfigurationIsVisible = 0;
			defaultConfigurationName = Release;
		};
/* End XCConfigurationList section */
	};
	rootObject = 021C14A12186A69700C8B8C3 /* Project object */;
}
